// !$*UTF8*$!
{
	archiveVersion = 1;
	classes = {
	};
	objectVersion = 46;
	objects = {

/* Begin PBXBuildFile section */
		231452511E15DABD00F945FC /* SearchViewController.swift in Sources */ = {isa = PBXBuildFile; fileRef = 231452501E15DABD00F945FC /* SearchViewController.swift */; };
		231452531E16D8DF00F945FC /* ProfSearchCell.swift in Sources */ = {isa = PBXBuildFile; fileRef = 231452521E16D8DF00F945FC /* ProfSearchCell.swift */; };
		232942C31E1EEB190034CB41 /* AskQuestionViewController.swift in Sources */ = {isa = PBXBuildFile; fileRef = 232942C21E1EEB190034CB41 /* AskQuestionViewController.swift */; };
		232B53B71E13285D00EF10CB /* obama.png in Resources */ = {isa = PBXBuildFile; fileRef = 232B53B61E13285D00EF10CB /* obama.png */; };
		234408531E12EDA000B5C600 /* MyCustomCell.swift in Sources */ = {isa = PBXBuildFile; fileRef = 234408521E12EDA000B5C600 /* MyCustomCell.swift */; };
		234408551E13216A00B5C600 /* ProfileViewController.swift in Sources */ = {isa = PBXBuildFile; fileRef = 234408541E13216A00B5C600 /* ProfileViewController.swift */; };
		237BE0521E0C89E900769A10 /* SignUpVCViewController.swift in Sources */ = {isa = PBXBuildFile; fileRef = 237BE0511E0C89E900769A10 /* SignUpVCViewController.swift */; };
		237BE0561E0CB1A300769A10 /* HomeVC.swift in Sources */ = {isa = PBXBuildFile; fileRef = 237BE0551E0CB1A300769A10 /* HomeVC.swift */; };
		23C424BB1DFCCBF500D1D132 /* AppDelegate.swift in Sources */ = {isa = PBXBuildFile; fileRef = 23C424BA1DFCCBF500D1D132 /* AppDelegate.swift */; };
		23C424BD1DFCCBF500D1D132 /* ViewController.swift in Sources */ = {isa = PBXBuildFile; fileRef = 23C424BC1DFCCBF500D1D132 /* ViewController.swift */; };
		23C424C01DFCCBF500D1D132 /* Main.storyboard in Resources */ = {isa = PBXBuildFile; fileRef = 23C424BE1DFCCBF500D1D132 /* Main.storyboard */; };
		23C424C21DFCCBF500D1D132 /* Assets.xcassets in Resources */ = {isa = PBXBuildFile; fileRef = 23C424C11DFCCBF500D1D132 /* Assets.xcassets */; };
		23C424C51DFCCBF500D1D132 /* LaunchScreen.storyboard in Resources */ = {isa = PBXBuildFile; fileRef = 23C424C31DFCCBF500D1D132 /* LaunchScreen.storyboard */; };
		23C424D01DFCCBF500D1D132 /* crescatTests.swift in Sources */ = {isa = PBXBuildFile; fileRef = 23C424CF1DFCCBF500D1D132 /* crescatTests.swift */; };
		23C424DB1DFCCBF500D1D132 /* crescatUITests.swift in Sources */ = {isa = PBXBuildFile; fileRef = 23C424DA1DFCCBF500D1D132 /* crescatUITests.swift */; };
		23C424E91DFCCD1400D1D132 /* GoogleService-Info.plist in Resources */ = {isa = PBXBuildFile; fileRef = 23C424E81DFCCD1400D1D132 /* GoogleService-Info.plist */; };
		23D70A871DFCEB5B0044BBFE /* Crescat Logo.png in Resources */ = {isa = PBXBuildFile; fileRef = 23D70A861DFCEB5B0044BBFE /* Crescat Logo.png */; };
		5494DAD3D7D3346A3ACB3D1C /* Pods_crescat.framework in Frameworks */ = {isa = PBXBuildFile; fileRef = 8BBBD512D5FCF70E3CC11B6F /* Pods_crescat.framework */; };
		916414DE70EB1ED7183BFCBC /* Pods_crescatTests.framework in Frameworks */ = {isa = PBXBuildFile; fileRef = B1CA9BB235F118A4750A030A /* Pods_crescatTests.framework */; };
		D62427DB950669E1F4DFB61A /* Pods_crescatUITests.framework in Frameworks */ = {isa = PBXBuildFile; fileRef = E6FADD1B42779C8577BCB634 /* Pods_crescatUITests.framework */; };
/* End PBXBuildFile section */

/* Begin PBXContainerItemProxy section */
		23C424CC1DFCCBF500D1D132 /* PBXContainerItemProxy */ = {
			isa = PBXContainerItemProxy;
			containerPortal = 23C424AF1DFCCBF400D1D132 /* Project object */;
			proxyType = 1;
			remoteGlobalIDString = 23C424B61DFCCBF400D1D132;
			remoteInfo = crescat;
		};
		23C424D71DFCCBF500D1D132 /* PBXContainerItemProxy */ = {
			isa = PBXContainerItemProxy;
			containerPortal = 23C424AF1DFCCBF400D1D132 /* Project object */;
			proxyType = 1;
			remoteGlobalIDString = 23C424B61DFCCBF400D1D132;
			remoteInfo = crescat;
		};
/* End PBXContainerItemProxy section */

/* Begin PBXFileReference section */
		231452501E15DABD00F945FC /* SearchViewController.swift */ = {isa = PBXFileReference; fileEncoding = 4; lastKnownFileType = sourcecode.swift; name = SearchViewController.swift; path = ../SearchViewController.swift; sourceTree = "<group>"; };
		231452521E16D8DF00F945FC /* ProfSearchCell.swift */ = {isa = PBXFileReference; fileEncoding = 4; lastKnownFileType = sourcecode.swift; path = ProfSearchCell.swift; sourceTree = "<group>"; };
		232942C21E1EEB190034CB41 /* AskQuestionViewController.swift */ = {isa = PBXFileReference; fileEncoding = 4; lastKnownFileType = sourcecode.swift; name = AskQuestionViewController.swift; path = crescat/AskQuestionViewController.swift; sourceTree = "<group>"; };
		232B53B61E13285D00EF10CB /* obama.png */ = {isa = PBXFileReference; lastKnownFileType = image.png; name = obama.png; path = ../crescat/obama.png; sourceTree = "<group>"; };
		234408521E12EDA000B5C600 /* MyCustomCell.swift */ = {isa = PBXFileReference; fileEncoding = 4; lastKnownFileType = sourcecode.swift; path = MyCustomCell.swift; sourceTree = "<group>"; };
		234408541E13216A00B5C600 /* ProfileViewController.swift */ = {isa = PBXFileReference; fileEncoding = 4; lastKnownFileType = sourcecode.swift; name = ProfileViewController.swift; path = ../ProfileViewController.swift; sourceTree = "<group>"; };
		237BE0511E0C89E900769A10 /* SignUpVCViewController.swift */ = {isa = PBXFileReference; fileEncoding = 4; lastKnownFileType = sourcecode.swift; path = SignUpVCViewController.swift; sourceTree = "<group>"; };
		237BE0551E0CB1A300769A10 /* HomeVC.swift */ = {isa = PBXFileReference; fileEncoding = 4; lastKnownFileType = sourcecode.swift; path = HomeVC.swift; sourceTree = "<group>"; };
		23C424B71DFCCBF500D1D132 /* crescat.app */ = {isa = PBXFileReference; explicitFileType = wrapper.application; includeInIndex = 0; path = crescat.app; sourceTree = BUILT_PRODUCTS_DIR; };
		23C424BA1DFCCBF500D1D132 /* AppDelegate.swift */ = {isa = PBXFileReference; lastKnownFileType = sourcecode.swift; path = AppDelegate.swift; sourceTree = "<group>"; };
		23C424BC1DFCCBF500D1D132 /* ViewController.swift */ = {isa = PBXFileReference; lastKnownFileType = sourcecode.swift; path = ViewController.swift; sourceTree = "<group>"; };
		23C424BF1DFCCBF500D1D132 /* Base */ = {isa = PBXFileReference; lastKnownFileType = file.storyboard; name = Base; path = Base.lproj/Main.storyboard; sourceTree = "<group>"; };
		23C424C11DFCCBF500D1D132 /* Assets.xcassets */ = {isa = PBXFileReference; lastKnownFileType = folder.assetcatalog; path = Assets.xcassets; sourceTree = "<group>"; };
		23C424C41DFCCBF500D1D132 /* Base */ = {isa = PBXFileReference; lastKnownFileType = file.storyboard; name = Base; path = Base.lproj/LaunchScreen.storyboard; sourceTree = "<group>"; };
		23C424C61DFCCBF500D1D132 /* Info.plist */ = {isa = PBXFileReference; lastKnownFileType = text.plist.xml; path = Info.plist; sourceTree = "<group>"; };
		23C424CB1DFCCBF500D1D132 /* crescatTests.xctest */ = {isa = PBXFileReference; explicitFileType = wrapper.cfbundle; includeInIndex = 0; path = crescatTests.xctest; sourceTree = BUILT_PRODUCTS_DIR; };
		23C424CF1DFCCBF500D1D132 /* crescatTests.swift */ = {isa = PBXFileReference; lastKnownFileType = sourcecode.swift; path = crescatTests.swift; sourceTree = "<group>"; };
		23C424D11DFCCBF500D1D132 /* Info.plist */ = {isa = PBXFileReference; lastKnownFileType = text.plist.xml; path = Info.plist; sourceTree = "<group>"; };
		23C424D61DFCCBF500D1D132 /* crescatUITests.xctest */ = {isa = PBXFileReference; explicitFileType = wrapper.cfbundle; includeInIndex = 0; path = crescatUITests.xctest; sourceTree = BUILT_PRODUCTS_DIR; };
		23C424DA1DFCCBF500D1D132 /* crescatUITests.swift */ = {isa = PBXFileReference; lastKnownFileType = sourcecode.swift; path = crescatUITests.swift; sourceTree = "<group>"; };
		23C424DC1DFCCBF500D1D132 /* Info.plist */ = {isa = PBXFileReference; lastKnownFileType = text.plist.xml; path = Info.plist; sourceTree = "<group>"; };
		23C424E81DFCCD1400D1D132 /* GoogleService-Info.plist */ = {isa = PBXFileReference; fileEncoding = 4; lastKnownFileType = text.plist.xml; name = "GoogleService-Info.plist"; path = "../../../../Downloads/GoogleService-Info.plist"; sourceTree = "<group>"; };
		23D70A841DFCE4710044BBFE /* crescat.entitlements */ = {isa = PBXFileReference; lastKnownFileType = text.plist.entitlements; path = crescat.entitlements; sourceTree = "<group>"; };
		23D70A861DFCEB5B0044BBFE /* Crescat Logo.png */ = {isa = PBXFileReference; lastKnownFileType = image.png; name = "Crescat Logo.png"; path = "../../../../Downloads/Crescat Logo.png"; sourceTree = "<group>"; };
		253B8CC57A428174AF3B845B /* Pods-crescatTests.release.xcconfig */ = {isa = PBXFileReference; includeInIndex = 1; lastKnownFileType = text.xcconfig; name = "Pods-crescatTests.release.xcconfig"; path = "Pods/Target Support Files/Pods-crescatTests/Pods-crescatTests.release.xcconfig"; sourceTree = "<group>"; };
		5E7EE37DD23BAAADA8B20502 /* Pods-crescat.debug.xcconfig */ = {isa = PBXFileReference; includeInIndex = 1; lastKnownFileType = text.xcconfig; name = "Pods-crescat.debug.xcconfig"; path = "Pods/Target Support Files/Pods-crescat/Pods-crescat.debug.xcconfig"; sourceTree = "<group>"; };
		678B6BE58E53702A2DE94B1F /* Pods-crescat.release.xcconfig */ = {isa = PBXFileReference; includeInIndex = 1; lastKnownFileType = text.xcconfig; name = "Pods-crescat.release.xcconfig"; path = "Pods/Target Support Files/Pods-crescat/Pods-crescat.release.xcconfig"; sourceTree = "<group>"; };
		68D539ABE743BEE60ED633B4 /* Pods-crescatTests.debug.xcconfig */ = {isa = PBXFileReference; includeInIndex = 1; lastKnownFileType = text.xcconfig; name = "Pods-crescatTests.debug.xcconfig"; path = "Pods/Target Support Files/Pods-crescatTests/Pods-crescatTests.debug.xcconfig"; sourceTree = "<group>"; };
		8BBBD512D5FCF70E3CC11B6F /* Pods_crescat.framework */ = {isa = PBXFileReference; explicitFileType = wrapper.framework; includeInIndex = 0; path = Pods_crescat.framework; sourceTree = BUILT_PRODUCTS_DIR; };
		B1CA9BB235F118A4750A030A /* Pods_crescatTests.framework */ = {isa = PBXFileReference; explicitFileType = wrapper.framework; includeInIndex = 0; path = Pods_crescatTests.framework; sourceTree = BUILT_PRODUCTS_DIR; };
		E3408670059137E267BC0181 /* Pods-crescatUITests.debug.xcconfig */ = {isa = PBXFileReference; includeInIndex = 1; lastKnownFileType = text.xcconfig; name = "Pods-crescatUITests.debug.xcconfig"; path = "Pods/Target Support Files/Pods-crescatUITests/Pods-crescatUITests.debug.xcconfig"; sourceTree = "<group>"; };
		E6FADD1B42779C8577BCB634 /* Pods_crescatUITests.framework */ = {isa = PBXFileReference; explicitFileType = wrapper.framework; includeInIndex = 0; path = Pods_crescatUITests.framework; sourceTree = BUILT_PRODUCTS_DIR; };
		F3F632B3D4F4D0429B093280 /* Pods-crescatUITests.release.xcconfig */ = {isa = PBXFileReference; includeInIndex = 1; lastKnownFileType = text.xcconfig; name = "Pods-crescatUITests.release.xcconfig"; path = "Pods/Target Support Files/Pods-crescatUITests/Pods-crescatUITests.release.xcconfig"; sourceTree = "<group>"; };
/* End PBXFileReference section */

/* Begin PBXFrameworksBuildPhase section */
		23C424B41DFCCBF400D1D132 /* Frameworks */ = {
			isa = PBXFrameworksBuildPhase;
			buildActionMask = 2147483647;
			files = (
				5494DAD3D7D3346A3ACB3D1C /* Pods_crescat.framework in Frameworks */,
			);
			runOnlyForDeploymentPostprocessing = 0;
		};
		23C424C81DFCCBF500D1D132 /* Frameworks */ = {
			isa = PBXFrameworksBuildPhase;
			buildActionMask = 2147483647;
			files = (
				916414DE70EB1ED7183BFCBC /* Pods_crescatTests.framework in Frameworks */,
			);
			runOnlyForDeploymentPostprocessing = 0;
		};
		23C424D31DFCCBF500D1D132 /* Frameworks */ = {
			isa = PBXFrameworksBuildPhase;
			buildActionMask = 2147483647;
			files = (
				D62427DB950669E1F4DFB61A /* Pods_crescatUITests.framework in Frameworks */,
			);
			runOnlyForDeploymentPostprocessing = 0;
		};
/* End PBXFrameworksBuildPhase section */

/* Begin PBXGroup section */
		121844C6722519E6E13B07A2 /* Pods */ = {
			isa = PBXGroup;
			children = (
				5E7EE37DD23BAAADA8B20502 /* Pods-crescat.debug.xcconfig */,
				678B6BE58E53702A2DE94B1F /* Pods-crescat.release.xcconfig */,
				68D539ABE743BEE60ED633B4 /* Pods-crescatTests.debug.xcconfig */,
				253B8CC57A428174AF3B845B /* Pods-crescatTests.release.xcconfig */,
				E3408670059137E267BC0181 /* Pods-crescatUITests.debug.xcconfig */,
				F3F632B3D4F4D0429B093280 /* Pods-crescatUITests.release.xcconfig */,
			);
			name = Pods;
			sourceTree = "<group>";
		};
		23C424AE1DFCCBF400D1D132 = {
			isa = PBXGroup;
			children = (
				232942C21E1EEB190034CB41 /* AskQuestionViewController.swift */,
				23D70A851DFCEB200044BBFE /* Images */,
				23C424B91DFCCBF500D1D132 /* crescat */,
				23C424CE1DFCCBF500D1D132 /* crescatTests */,
				23C424D91DFCCBF500D1D132 /* crescatUITests */,
				23C424B81DFCCBF500D1D132 /* Products */,
				121844C6722519E6E13B07A2 /* Pods */,
				CD4C0F6037DEB788BC0A501B /* Frameworks */,
			);
			sourceTree = "<group>";
		};
		23C424B81DFCCBF500D1D132 /* Products */ = {
			isa = PBXGroup;
			children = (
				23C424B71DFCCBF500D1D132 /* crescat.app */,
				23C424CB1DFCCBF500D1D132 /* crescatTests.xctest */,
				23C424D61DFCCBF500D1D132 /* crescatUITests.xctest */,
			);
			name = Products;
			sourceTree = "<group>";
		};
		23C424B91DFCCBF500D1D132 /* crescat */ = {
			isa = PBXGroup;
			children = (
				234408521E12EDA000B5C600 /* MyCustomCell.swift */,
				231452521E16D8DF00F945FC /* ProfSearchCell.swift */,
				23D70A841DFCE4710044BBFE /* crescat.entitlements */,
				23C424BA1DFCCBF500D1D132 /* AppDelegate.swift */,
				23C424BC1DFCCBF500D1D132 /* ViewController.swift */,
				231452501E15DABD00F945FC /* SearchViewController.swift */,
				237BE0511E0C89E900769A10 /* SignUpVCViewController.swift */,
				237BE0551E0CB1A300769A10 /* HomeVC.swift */,
				234408541E13216A00B5C600 /* ProfileViewController.swift */,
				23C424BE1DFCCBF500D1D132 /* Main.storyboard */,
				23C424C11DFCCBF500D1D132 /* Assets.xcassets */,
				23C424C31DFCCBF500D1D132 /* LaunchScreen.storyboard */,
				23C424E81DFCCD1400D1D132 /* GoogleService-Info.plist */,
				23C424C61DFCCBF500D1D132 /* Info.plist */,
			);
			path = crescat;
			sourceTree = "<group>";
		};
		23C424CE1DFCCBF500D1D132 /* crescatTests */ = {
			isa = PBXGroup;
			children = (
				23C424CF1DFCCBF500D1D132 /* crescatTests.swift */,
				23C424D11DFCCBF500D1D132 /* Info.plist */,
			);
			path = crescatTests;
			sourceTree = "<group>";
		};
		23C424D91DFCCBF500D1D132 /* crescatUITests */ = {
			isa = PBXGroup;
			children = (
				23C424DA1DFCCBF500D1D132 /* crescatUITests.swift */,
				23C424DC1DFCCBF500D1D132 /* Info.plist */,
			);
			path = crescatUITests;
			sourceTree = "<group>";
		};
		23D70A851DFCEB200044BBFE /* Images */ = {
			isa = PBXGroup;
			children = (
				232B53B61E13285D00EF10CB /* obama.png */,
				23D70A861DFCEB5B0044BBFE /* Crescat Logo.png */,
			);
			name = Images;
			path = crescatTests;
			sourceTree = SOURCE_ROOT;
		};
		CD4C0F6037DEB788BC0A501B /* Frameworks */ = {
			isa = PBXGroup;
			children = (
				8BBBD512D5FCF70E3CC11B6F /* Pods_crescat.framework */,
				B1CA9BB235F118A4750A030A /* Pods_crescatTests.framework */,
				E6FADD1B42779C8577BCB634 /* Pods_crescatUITests.framework */,
			);
			name = Frameworks;
			sourceTree = "<group>";
		};
/* End PBXGroup section */

/* Begin PBXNativeTarget section */
		23C424B61DFCCBF400D1D132 /* crescat */ = {
			isa = PBXNativeTarget;
			buildConfigurationList = 23C424DF1DFCCBF500D1D132 /* Build configuration list for PBXNativeTarget "crescat" */;
			buildPhases = (
				382E586391C98BC5BB321486 /* [CP] Check Pods Manifest.lock */,
				23C424B31DFCCBF400D1D132 /* Sources */,
				23C424B41DFCCBF400D1D132 /* Frameworks */,
				23C424B51DFCCBF400D1D132 /* Resources */,
				96689BBC1735C81EB1FC1105 /* [CP] Embed Pods Frameworks */,
				EAA13969166BF739ABD75330 /* [CP] Copy Pods Resources */,
			);
			buildRules = (
			);
			dependencies = (
			);
			name = crescat;
			productName = crescat;
			productReference = 23C424B71DFCCBF500D1D132 /* crescat.app */;
			productType = "com.apple.product-type.application";
		};
		23C424CA1DFCCBF500D1D132 /* crescatTests */ = {
			isa = PBXNativeTarget;
			buildConfigurationList = 23C424E21DFCCBF500D1D132 /* Build configuration list for PBXNativeTarget "crescatTests" */;
			buildPhases = (
				C9835FCA0D31B83D3248CA45 /* [CP] Check Pods Manifest.lock */,
				23C424C71DFCCBF500D1D132 /* Sources */,
				23C424C81DFCCBF500D1D132 /* Frameworks */,
				23C424C91DFCCBF500D1D132 /* Resources */,
				B5CE0AE8C3EF8048BC1914EF /* [CP] Embed Pods Frameworks */,
				8B9B7356FD9CD22C26498312 /* [CP] Copy Pods Resources */,
			);
			buildRules = (
			);
			dependencies = (
				23C424CD1DFCCBF500D1D132 /* PBXTargetDependency */,
			);
			name = crescatTests;
			productName = crescatTests;
			productReference = 23C424CB1DFCCBF500D1D132 /* crescatTests.xctest */;
			productType = "com.apple.product-type.bundle.unit-test";
		};
		23C424D51DFCCBF500D1D132 /* crescatUITests */ = {
			isa = PBXNativeTarget;
			buildConfigurationList = 23C424E51DFCCBF500D1D132 /* Build configuration list for PBXNativeTarget "crescatUITests" */;
			buildPhases = (
				C84916B530C3059BF73BF627 /* [CP] Check Pods Manifest.lock */,
				23C424D21DFCCBF500D1D132 /* Sources */,
				23C424D31DFCCBF500D1D132 /* Frameworks */,
				23C424D41DFCCBF500D1D132 /* Resources */,
				0E3E2915301360E216EC318A /* [CP] Embed Pods Frameworks */,
				609F0753F1CA4F1D0574B58B /* [CP] Copy Pods Resources */,
			);
			buildRules = (
			);
			dependencies = (
				23C424D81DFCCBF500D1D132 /* PBXTargetDependency */,
			);
			name = crescatUITests;
			productName = crescatUITests;
			productReference = 23C424D61DFCCBF500D1D132 /* crescatUITests.xctest */;
			productType = "com.apple.product-type.bundle.ui-testing";
		};
/* End PBXNativeTarget section */

/* Begin PBXProject section */
		23C424AF1DFCCBF400D1D132 /* Project object */ = {
			isa = PBXProject;
			attributes = {
				LastSwiftUpdateCheck = 0810;
				LastUpgradeCheck = 0810;
				ORGANIZATIONNAME = "Madelyn Nelson";
				TargetAttributes = {
					23C424B61DFCCBF400D1D132 = {
						CreatedOnToolsVersion = 8.1;
						DevelopmentTeam = 34TZ54QCUD;
						ProvisioningStyle = Automatic;
						SystemCapabilities = {
							com.apple.Keychain = {
								enabled = 1;
							};
						};
					};
					23C424CA1DFCCBF500D1D132 = {
						CreatedOnToolsVersion = 8.1;
						ProvisioningStyle = Automatic;
						TestTargetID = 23C424B61DFCCBF400D1D132;
					};
					23C424D51DFCCBF500D1D132 = {
						CreatedOnToolsVersion = 8.1;
						ProvisioningStyle = Automatic;
						TestTargetID = 23C424B61DFCCBF400D1D132;
					};
				};
			};
			buildConfigurationList = 23C424B21DFCCBF400D1D132 /* Build configuration list for PBXProject "crescat" */;
			compatibilityVersion = "Xcode 3.2";
			developmentRegion = English;
			hasScannedForEncodings = 0;
			knownRegions = (
				en,
				Base,
			);
			mainGroup = 23C424AE1DFCCBF400D1D132;
			productRefGroup = 23C424B81DFCCBF500D1D132 /* Products */;
			projectDirPath = "";
			projectRoot = "";
			targets = (
				23C424B61DFCCBF400D1D132 /* crescat */,
				23C424CA1DFCCBF500D1D132 /* crescatTests */,
				23C424D51DFCCBF500D1D132 /* crescatUITests */,
			);
		};
/* End PBXProject section */

/* Begin PBXResourcesBuildPhase section */
		23C424B51DFCCBF400D1D132 /* Resources */ = {
			isa = PBXResourcesBuildPhase;
			buildActionMask = 2147483647;
			files = (
				23C424C51DFCCBF500D1D132 /* LaunchScreen.storyboard in Resources */,
				23C424C21DFCCBF500D1D132 /* Assets.xcassets in Resources */,
				23D70A871DFCEB5B0044BBFE /* Crescat Logo.png in Resources */,
				23C424C01DFCCBF500D1D132 /* Main.storyboard in Resources */,
				232B53B71E13285D00EF10CB /* obama.png in Resources */,
				23C424E91DFCCD1400D1D132 /* GoogleService-Info.plist in Resources */,
			);
			runOnlyForDeploymentPostprocessing = 0;
		};
		23C424C91DFCCBF500D1D132 /* Resources */ = {
			isa = PBXResourcesBuildPhase;
			buildActionMask = 2147483647;
			files = (
			);
			runOnlyForDeploymentPostprocessing = 0;
		};
		23C424D41DFCCBF500D1D132 /* Resources */ = {
			isa = PBXResourcesBuildPhase;
			buildActionMask = 2147483647;
			files = (
			);
			runOnlyForDeploymentPostprocessing = 0;
		};
/* End PBXResourcesBuildPhase section */

/* Begin PBXShellScriptBuildPhase section */
		0E3E2915301360E216EC318A /* [CP] Embed Pods Frameworks */ = {
			isa = PBXShellScriptBuildPhase;
			buildActionMask = 2147483647;
			files = (
			);
			inputPaths = (
			);
			name = "[CP] Embed Pods Frameworks";
			outputPaths = (
			);
			runOnlyForDeploymentPostprocessing = 0;
			shellPath = /bin/sh;
			shellScript = "\"${SRCROOT}/Pods/Target Support Files/Pods-crescatUITests/Pods-crescatUITests-frameworks.sh\"\n";
			showEnvVarsInLog = 0;
		};
		382E586391C98BC5BB321486 /* [CP] Check Pods Manifest.lock */ = {
			isa = PBXShellScriptBuildPhase;
			buildActionMask = 2147483647;
			files = (
			);
			inputPaths = (
			);
			name = "[CP] Check Pods Manifest.lock";
			outputPaths = (
			);
			runOnlyForDeploymentPostprocessing = 0;
			shellPath = /bin/sh;
			shellScript = "diff \"${PODS_ROOT}/../Podfile.lock\" \"${PODS_ROOT}/Manifest.lock\" > /dev/null\nif [ $? != 0 ] ; then\n    # print error to STDERR\n    echo \"error: The sandbox is not in sync with the Podfile.lock. Run 'pod install' or update your CocoaPods installation.\" >&2\n    exit 1\nfi\n";
			showEnvVarsInLog = 0;
		};
		609F0753F1CA4F1D0574B58B /* [CP] Copy Pods Resources */ = {
			isa = PBXShellScriptBuildPhase;
			buildActionMask = 2147483647;
			files = (
			);
			inputPaths = (
			);
			name = "[CP] Copy Pods Resources";
			outputPaths = (
			);
			runOnlyForDeploymentPostprocessing = 0;
			shellPath = /bin/sh;
			shellScript = "\"${SRCROOT}/Pods/Target Support Files/Pods-crescatUITests/Pods-crescatUITests-resources.sh\"\n";
			showEnvVarsInLog = 0;
		};
		8B9B7356FD9CD22C26498312 /* [CP] Copy Pods Resources */ = {
			isa = PBXShellScriptBuildPhase;
			buildActionMask = 2147483647;
			files = (
			);
			inputPaths = (
			);
			name = "[CP] Copy Pods Resources";
			outputPaths = (
			);
			runOnlyForDeploymentPostprocessing = 0;
			shellPath = /bin/sh;
			shellScript = "\"${SRCROOT}/Pods/Target Support Files/Pods-crescatTests/Pods-crescatTests-resources.sh\"\n";
			showEnvVarsInLog = 0;
		};
		96689BBC1735C81EB1FC1105 /* [CP] Embed Pods Frameworks */ = {
			isa = PBXShellScriptBuildPhase;
			buildActionMask = 2147483647;
			files = (
			);
			inputPaths = (
			);
			name = "[CP] Embed Pods Frameworks";
			outputPaths = (
			);
			runOnlyForDeploymentPostprocessing = 0;
			shellPath = /bin/sh;
			shellScript = "\"${SRCROOT}/Pods/Target Support Files/Pods-crescat/Pods-crescat-frameworks.sh\"\n";
			showEnvVarsInLog = 0;
		};
		B5CE0AE8C3EF8048BC1914EF /* [CP] Embed Pods Frameworks */ = {
			isa = PBXShellScriptBuildPhase;
			buildActionMask = 2147483647;
			files = (
			);
			inputPaths = (
			);
			name = "[CP] Embed Pods Frameworks";
			outputPaths = (
			);
			runOnlyForDeploymentPostprocessing = 0;
			shellPath = /bin/sh;
			shellScript = "\"${SRCROOT}/Pods/Target Support Files/Pods-crescatTests/Pods-crescatTests-frameworks.sh\"\n";
			showEnvVarsInLog = 0;
		};
		C84916B530C3059BF73BF627 /* [CP] Check Pods Manifest.lock */ = {
			isa = PBXShellScriptBuildPhase;
			buildActionMask = 2147483647;
			files = (
			);
			inputPaths = (
			);
			name = "[CP] Check Pods Manifest.lock";
			outputPaths = (
			);
			runOnlyForDeploymentPostprocessing = 0;
			shellPath = /bin/sh;
			shellScript = "diff \"${PODS_ROOT}/../Podfile.lock\" \"${PODS_ROOT}/Manifest.lock\" > /dev/null\nif [ $? != 0 ] ; then\n    # print error to STDERR\n    echo \"error: The sandbox is not in sync with the Podfile.lock. Run 'pod install' or update your CocoaPods installation.\" >&2\n    exit 1\nfi\n";
			showEnvVarsInLog = 0;
		};
		C9835FCA0D31B83D3248CA45 /* [CP] Check Pods Manifest.lock */ = {
			isa = PBXShellScriptBuildPhase;
			buildActionMask = 2147483647;
			files = (
			);
			inputPaths = (
			);
			name = "[CP] Check Pods Manifest.lock";
			outputPaths = (
			);
			runOnlyForDeploymentPostprocessing = 0;
			shellPath = /bin/sh;
			shellScript = "diff \"${PODS_ROOT}/../Podfile.lock\" \"${PODS_ROOT}/Manifest.lock\" > /dev/null\nif [ $? != 0 ] ; then\n    # print error to STDERR\n    echo \"error: The sandbox is not in sync with the Podfile.lock. Run 'pod install' or update your CocoaPods installation.\" >&2\n    exit 1\nfi\n";
			showEnvVarsInLog = 0;
		};
		EAA13969166BF739ABD75330 /* [CP] Copy Pods Resources */ = {
			isa = PBXShellScriptBuildPhase;
			buildActionMask = 2147483647;
			files = (
			);
			inputPaths = (
			);
			name = "[CP] Copy Pods Resources";
			outputPaths = (
			);
			runOnlyForDeploymentPostprocessing = 0;
			shellPath = /bin/sh;
			shellScript = "\"${SRCROOT}/Pods/Target Support Files/Pods-crescat/Pods-crescat-resources.sh\"\n";
			showEnvVarsInLog = 0;
		};
/* End PBXShellScriptBuildPhase section */

/* Begin PBXSourcesBuildPhase section */
		23C424B31DFCCBF400D1D132 /* Sources */ = {
			isa = PBXSourcesBuildPhase;
			buildActionMask = 2147483647;
			files = (
				234408531E12EDA000B5C600 /* MyCustomCell.swift in Sources */,
				231452511E15DABD00F945FC /* SearchViewController.swift in Sources */,
				23C424BD1DFCCBF500D1D132 /* ViewController.swift in Sources */,
				237BE0561E0CB1A300769A10 /* HomeVC.swift in Sources */,
				231452531E16D8DF00F945FC /* ProfSearchCell.swift in Sources */,
				232942C31E1EEB190034CB41 /* AskQuestionViewController.swift in Sources */,
				23C424BB1DFCCBF500D1D132 /* AppDelegate.swift in Sources */,
				234408551E13216A00B5C600 /* ProfileViewController.swift in Sources */,
				237BE0521E0C89E900769A10 /* SignUpVCViewController.swift in Sources */,
			);
			runOnlyForDeploymentPostprocessing = 0;
		};
		23C424C71DFCCBF500D1D132 /* Sources */ = {
			isa = PBXSourcesBuildPhase;
			buildActionMask = 2147483647;
			files = (
				23C424D01DFCCBF500D1D132 /* crescatTests.swift in Sources */,
			);
			runOnlyForDeploymentPostprocessing = 0;
		};
		23C424D21DFCCBF500D1D132 /* Sources */ = {
			isa = PBXSourcesBuildPhase;
			buildActionMask = 2147483647;
			files = (
				23C424DB1DFCCBF500D1D132 /* crescatUITests.swift in Sources */,
			);
			runOnlyForDeploymentPostprocessing = 0;
		};
/* End PBXSourcesBuildPhase section */

/* Begin PBXTargetDependency section */
		23C424CD1DFCCBF500D1D132 /* PBXTargetDependency */ = {
			isa = PBXTargetDependency;
			target = 23C424B61DFCCBF400D1D132 /* crescat */;
			targetProxy = 23C424CC1DFCCBF500D1D132 /* PBXContainerItemProxy */;
		};
		23C424D81DFCCBF500D1D132 /* PBXTargetDependency */ = {
			isa = PBXTargetDependency;
			target = 23C424B61DFCCBF400D1D132 /* crescat */;
			targetProxy = 23C424D71DFCCBF500D1D132 /* PBXContainerItemProxy */;
		};
/* End PBXTargetDependency section */

/* Begin PBXVariantGroup section */
		23C424BE1DFCCBF500D1D132 /* Main.storyboard */ = {
			isa = PBXVariantGroup;
			children = (
				23C424BF1DFCCBF500D1D132 /* Base */,
			);
			name = Main.storyboard;
			sourceTree = "<group>";
		};
		23C424C31DFCCBF500D1D132 /* LaunchScreen.storyboard */ = {
			isa = PBXVariantGroup;
			children = (
				23C424C41DFCCBF500D1D132 /* Base */,
			);
			name = LaunchScreen.storyboard;
			sourceTree = "<group>";
		};
/* End PBXVariantGroup section */

/* Begin XCBuildConfiguration section */
		23C424DD1DFCCBF500D1D132 /* Debug */ = {
			isa = XCBuildConfiguration;
			buildSettings = {
				ALWAYS_SEARCH_USER_PATHS = NO;
				CLANG_ANALYZER_NONNULL = YES;
				CLANG_CXX_LANGUAGE_STANDARD = "gnu++0x";
				CLANG_CXX_LIBRARY = "libc++";
				CLANG_ENABLE_MODULES = YES;
				CLANG_ENABLE_OBJC_ARC = YES;
				CLANG_WARN_BOOL_CONVERSION = YES;
				CLANG_WARN_CONSTANT_CONVERSION = YES;
				CLANG_WARN_DIRECT_OBJC_ISA_USAGE = YES_ERROR;
				CLANG_WARN_DOCUMENTATION_COMMENTS = YES;
				CLANG_WARN_EMPTY_BODY = YES;
				CLANG_WARN_ENUM_CONVERSION = YES;
				CLANG_WARN_INFINITE_RECURSION = YES;
				CLANG_WARN_INT_CONVERSION = YES;
				CLANG_WARN_OBJC_ROOT_CLASS = YES_ERROR;
				CLANG_WARN_SUSPICIOUS_MOVES = YES;
				CLANG_WARN_UNREACHABLE_CODE = YES;
				CLANG_WARN__DUPLICATE_METHOD_MATCH = YES;
				"CODE_SIGN_IDENTITY[sdk=iphoneos*]" = "iPhone Developer";
				COPY_PHASE_STRIP = NO;
				DEBUG_INFORMATION_FORMAT = dwarf;
				ENABLE_STRICT_OBJC_MSGSEND = YES;
				ENABLE_TESTABILITY = YES;
				GCC_C_LANGUAGE_STANDARD = gnu99;
				GCC_DYNAMIC_NO_PIC = NO;
				GCC_NO_COMMON_BLOCKS = YES;
				GCC_OPTIMIZATION_LEVEL = 0;
				GCC_PREPROCESSOR_DEFINITIONS = (
					"DEBUG=1",
					"$(inherited)",
				);
				GCC_WARN_64_TO_32_BIT_CONVERSION = YES;
				GCC_WARN_ABOUT_RETURN_TYPE = YES_ERROR;
				GCC_WARN_UNDECLARED_SELECTOR = YES;
				GCC_WARN_UNINITIALIZED_AUTOS = YES_AGGRESSIVE;
				GCC_WARN_UNUSED_FUNCTION = YES;
				GCC_WARN_UNUSED_VARIABLE = YES;
				IPHONEOS_DEPLOYMENT_TARGET = 10.1;
				MTL_ENABLE_DEBUG_INFO = YES;
				ONLY_ACTIVE_ARCH = YES;
				SDKROOT = iphoneos;
				SWIFT_ACTIVE_COMPILATION_CONDITIONS = DEBUG;
				SWIFT_OPTIMIZATION_LEVEL = "-Onone";
			};
			name = Debug;
		};
		23C424DE1DFCCBF500D1D132 /* Release */ = {
			isa = XCBuildConfiguration;
			buildSettings = {
				ALWAYS_SEARCH_USER_PATHS = NO;
				CLANG_ANALYZER_NONNULL = YES;
				CLANG_CXX_LANGUAGE_STANDARD = "gnu++0x";
				CLANG_CXX_LIBRARY = "libc++";
				CLANG_ENABLE_MODULES = YES;
				CLANG_ENABLE_OBJC_ARC = YES;
				CLANG_WARN_BOOL_CONVERSION = YES;
				CLANG_WARN_CONSTANT_CONVERSION = YES;
				CLANG_WARN_DIRECT_OBJC_ISA_USAGE = YES_ERROR;
				CLANG_WARN_DOCUMENTATION_COMMENTS = YES;
				CLANG_WARN_EMPTY_BODY = YES;
				CLANG_WARN_ENUM_CONVERSION = YES;
				CLANG_WARN_INFINITE_RECURSION = YES;
				CLANG_WARN_INT_CONVERSION = YES;
				CLANG_WARN_OBJC_ROOT_CLASS = YES_ERROR;
				CLANG_WARN_SUSPICIOUS_MOVES = YES;
				CLANG_WARN_UNREACHABLE_CODE = YES;
				CLANG_WARN__DUPLICATE_METHOD_MATCH = YES;
				"CODE_SIGN_IDENTITY[sdk=iphoneos*]" = "iPhone Developer";
				COPY_PHASE_STRIP = NO;
				DEBUG_INFORMATION_FORMAT = "dwarf-with-dsym";
				ENABLE_NS_ASSERTIONS = NO;
				ENABLE_STRICT_OBJC_MSGSEND = YES;
				GCC_C_LANGUAGE_STANDARD = gnu99;
				GCC_NO_COMMON_BLOCKS = YES;
				GCC_WARN_64_TO_32_BIT_CONVERSION = YES;
				GCC_WARN_ABOUT_RETURN_TYPE = YES_ERROR;
				GCC_WARN_UNDECLARED_SELECTOR = YES;
				GCC_WARN_UNINITIALIZED_AUTOS = YES_AGGRESSIVE;
				GCC_WARN_UNUSED_FUNCTION = YES;
				GCC_WARN_UNUSED_VARIABLE = YES;
				IPHONEOS_DEPLOYMENT_TARGET = 10.1;
				MTL_ENABLE_DEBUG_INFO = NO;
				SDKROOT = iphoneos;
				SWIFT_OPTIMIZATION_LEVEL = "-Owholemodule";
				VALIDATE_PRODUCT = YES;
			};
			name = Release;
		};
		23C424E01DFCCBF500D1D132 /* Debug */ = {
			isa = XCBuildConfiguration;
			baseConfigurationReference = 5E7EE37DD23BAAADA8B20502 /* Pods-crescat.debug.xcconfig */;
			buildSettings = {
				ASSETCATALOG_COMPILER_APPICON_NAME = AppIcon;
				CODE_SIGN_ENTITLEMENTS = crescat/crescat.entitlements;
				DEVELOPMENT_TEAM = 34TZ54QCUD;
				INFOPLIST_FILE = crescat/Info.plist;
				LD_RUNPATH_SEARCH_PATHS = "$(inherited) @executable_path/Frameworks";
				PRODUCT_BUNDLE_IDENTIFIER = sbcs.crescat;
				PRODUCT_NAME = "$(TARGET_NAME)";
				SWIFT_VERSION = 3.0;
			};
			name = Debug;
		};
		23C424E11DFCCBF500D1D132 /* Release */ = {
			isa = XCBuildConfiguration;
			baseConfigurationReference = 678B6BE58E53702A2DE94B1F /* Pods-crescat.release.xcconfig */;
			buildSettings = {
				ASSETCATALOG_COMPILER_APPICON_NAME = AppIcon;
				CODE_SIGN_ENTITLEMENTS = crescat/crescat.entitlements;
				DEVELOPMENT_TEAM = 34TZ54QCUD;
				INFOPLIST_FILE = crescat/Info.plist;
				LD_RUNPATH_SEARCH_PATHS = "$(inherited) @executable_path/Frameworks";
				PRODUCT_BUNDLE_IDENTIFIER = sbcs.crescat;
				PRODUCT_NAME = "$(TARGET_NAME)";
				SWIFT_VERSION = 3.0;
			};
			name = Release;
		};
		23C424E31DFCCBF500D1D132 /* Debug */ = {
			isa = XCBuildConfiguration;
			baseConfigurationReference = 68D539ABE743BEE60ED633B4 /* Pods-crescatTests.debug.xcconfig */;
			buildSettings = {
				ALWAYS_EMBED_SWIFT_STANDARD_LIBRARIES = YES;
				BUNDLE_LOADER = "$(TEST_HOST)";
				INFOPLIST_FILE = crescatTests/Info.plist;
				LD_RUNPATH_SEARCH_PATHS = "$(inherited) @executable_path/Frameworks @loader_path/Frameworks";
				PRODUCT_BUNDLE_IDENTIFIER = ace.crescatTests;
				PRODUCT_NAME = "$(TARGET_NAME)";
				SWIFT_VERSION = 3.0;
				TEST_HOST = "$(BUILT_PRODUCTS_DIR)/crescat.app/crescat";
			};
			name = Debug;
		};
		23C424E41DFCCBF500D1D132 /* Release */ = {
			isa = XCBuildConfiguration;
			baseConfigurationReference = 253B8CC57A428174AF3B845B /* Pods-crescatTests.release.xcconfig */;
			buildSettings = {
				ALWAYS_EMBED_SWIFT_STANDARD_LIBRARIES = YES;
				BUNDLE_LOADER = "$(TEST_HOST)";
				INFOPLIST_FILE = crescatTests/Info.plist;
				LD_RUNPATH_SEARCH_PATHS = "$(inherited) @executable_path/Frameworks @loader_path/Frameworks";
				PRODUCT_BUNDLE_IDENTIFIER = ace.crescatTests;
				PRODUCT_NAME = "$(TARGET_NAME)";
				SWIFT_VERSION = 3.0;
				TEST_HOST = "$(BUILT_PRODUCTS_DIR)/crescat.app/crescat";
			};
			name = Release;
		};
		23C424E61DFCCBF500D1D132 /* Debug */ = {
			isa = XCBuildConfiguration;
			baseConfigurationReference = E3408670059137E267BC0181 /* Pods-crescatUITests.debug.xcconfig */;
			buildSettings = {
				ALWAYS_EMBED_SWIFT_STANDARD_LIBRARIES = YES;
				INFOPLIST_FILE = crescatUITests/Info.plist;
				LD_RUNPATH_SEARCH_PATHS = "$(inherited) @executable_path/Frameworks @loader_path/Frameworks";
				PRODUCT_BUNDLE_IDENTIFIER = ace.crescatUITests;
				PRODUCT_NAME = "$(TARGET_NAME)";
				SWIFT_VERSION = 3.0;
				TEST_TARGET_NAME = crescat;
			};
			name = Debug;
		};
		23C424E71DFCCBF500D1D132 /* Release */ = {
			isa = XCBuildConfiguration;
			baseConfigurationReference = F3F632B3D4F4D0429B093280 /* Pods-crescatUITests.release.xcconfig */;
			buildSettings = {
				ALWAYS_EMBED_SWIFT_STANDARD_LIBRARIES = YES;
				INFOPLIST_FILE = crescatUITests/Info.plist;
				LD_RUNPATH_SEARCH_PATHS = "$(inherited) @executable_path/Frameworks @loader_path/Frameworks";
				PRODUCT_BUNDLE_IDENTIFIER = ace.crescatUITests;
				PRODUCT_NAME = "$(TARGET_NAME)";
				SWIFT_VERSION = 3.0;
				TEST_TARGET_NAME = crescat;
			};
			name = Release;
		};
/* End XCBuildConfiguration section */

/* Begin XCConfigurationList section */
		23C424B21DFCCBF400D1D132 /* Build configuration list for PBXProject "crescat" */ = {
			isa = XCConfigurationList;
			buildConfigurations = (
				23C424DD1DFCCBF500D1D132 /* Debug */,
				23C424DE1DFCCBF500D1D132 /* Release */,
			);
			defaultConfigurationIsVisible = 0;
			defaultConfigurationName = Release;
		};
		23C424DF1DFCCBF500D1D132 /* Build configuration list for PBXNativeTarget "crescat" */ = {
			isa = XCConfigurationList;
			buildConfigurations = (
				23C424E01DFCCBF500D1D132 /* Debug */,
				23C424E11DFCCBF500D1D132 /* Release */,
			);
			defaultConfigurationIsVisible = 0;
			defaultConfigurationName = Release;
		};
		23C424E21DFCCBF500D1D132 /* Build configuration list for PBXNativeTarget "crescatTests" */ = {
			isa = XCConfigurationList;
			buildConfigurations = (
				23C424E31DFCCBF500D1D132 /* Debug */,
				23C424E41DFCCBF500D1D132 /* Release */,
			);
			defaultConfigurationIsVisible = 0;
			defaultConfigurationName = Release;
		};
		23C424E51DFCCBF500D1D132 /* Build configuration list for PBXNativeTarget "crescatUITests" */ = {
			isa = XCConfigurationList;
			buildConfigurations = (
				23C424E61DFCCBF500D1D132 /* Debug */,
				23C424E71DFCCBF500D1D132 /* Release */,
			);
			defaultConfigurationIsVisible = 0;
			defaultConfigurationName = Release;
		};
/* End XCConfigurationList section */
	};
	rootObject = 23C424AF1DFCCBF400D1D132 /* Project object */;
}
